// !$*UTF8*$!
{
	archiveVersion = 1;
	classes = {
	};
	objectVersion = 46;
	objects = {

/* Begin PBXBuildFile section */
		370736401D1234DF00733681 /* PlaySoundsViewController+Audio.swift in Sources */ = {isa = PBXBuildFile; fileRef = 3707363F1D1234DF00733681 /* PlaySoundsViewController+Audio.swift */; };
		3715EC821D10E6600083D0F0 /* PlaySoundsViewController.swift in Sources */ = {isa = PBXBuildFile; fileRef = 3715EC811D10E6600083D0F0 /* PlaySoundsViewController.swift */; };
		FEBD01BC1CE171C60077E000 /* AppDelegate.swift in Sources */ = {isa = PBXBuildFile; fileRef = FEBD01BB1CE171C60077E000 /* AppDelegate.swift */; };
		FEBD01BE1CE171C60077E000 /* RecordSoundsViewController.swift in Sources */ = {isa = PBXBuildFile; fileRef = FEBD01BD1CE171C60077E000 /* RecordSoundsViewController.swift */; };
		FEBD01C11CE171C60077E000 /* Main.storyboard in Resources */ = {isa = PBXBuildFile; fileRef = FEBD01BF1CE171C60077E000 /* Main.storyboard */; };
		FEBD01C31CE171C60077E000 /* Assets.xcassets in Resources */ = {isa = PBXBuildFile; fileRef = FEBD01C21CE171C60077E000 /* Assets.xcassets */; };
		FEBD01C61CE171C60077E000 /* LaunchScreen.storyboard in Resources */ = {isa = PBXBuildFile; fileRef = FEBD01C41CE171C60077E000 /* LaunchScreen.storyboard */; };
		FEBD01D11CE171C70077E000 /* PitchPerfectTests.swift in Sources */ = {isa = PBXBuildFile; fileRef = FEBD01D01CE171C70077E000 /* PitchPerfectTests.swift */; };
		FEBD01DC1CE171C70077E000 /* PitchPerfectUITests.swift in Sources */ = {isa = PBXBuildFile; fileRef = FEBD01DB1CE171C70077E000 /* PitchPerfectUITests.swift */; };
/* End PBXBuildFile section */

/* Begin PBXContainerItemProxy section */
		FEBD01CD1CE171C70077E000 /* PBXContainerItemProxy */ = {
			isa = PBXContainerItemProxy;
			containerPortal = FEBD01B01CE171C60077E000 /* Project object */;
			proxyType = 1;
			remoteGlobalIDString = FEBD01B71CE171C60077E000;
			remoteInfo = PitchPerfect;
		};
		FEBD01D81CE171C70077E000 /* PBXContainerItemProxy */ = {
			isa = PBXContainerItemProxy;
			containerPortal = FEBD01B01CE171C60077E000 /* Project object */;
			proxyType = 1;
			remoteGlobalIDString = FEBD01B71CE171C60077E000;
			remoteInfo = PitchPerfect;
		};
/* End PBXContainerItemProxy section */

/* Begin PBXFileReference section */
		3707363F1D1234DF00733681 /* PlaySoundsViewController+Audio.swift */ = {isa = PBXFileReference; fileEncoding = 4; lastKnownFileType = sourcecode.swift; path = "PlaySoundsViewController+Audio.swift"; sourceTree = "<group>"; };
		3715EC811D10E6600083D0F0 /* PlaySoundsViewController.swift */ = {isa = PBXFileReference; fileEncoding = 4; lastKnownFileType = sourcecode.swift; name = PlaySoundsViewController.swift; path = ../PlaySoundsViewController.swift; sourceTree = "<group>"; };
		FEBD01B81CE171C60077E000 /* PitchPerfect.app */ = {isa = PBXFileReference; explicitFileType = wrapper.application; includeInIndex = 0; path = PitchPerfect.app; sourceTree = BUILT_PRODUCTS_DIR; };
		FEBD01BB1CE171C60077E000 /* AppDelegate.swift */ = {isa = PBXFileReference; lastKnownFileType = sourcecode.swift; path = AppDelegate.swift; sourceTree = "<group>"; };
		FEBD01BD1CE171C60077E000 /* RecordSoundsViewController.swift */ = {isa = PBXFileReference; lastKnownFileType = sourcecode.swift; path = RecordSoundsViewController.swift; sourceTree = "<group>"; };
		FEBD01C01CE171C60077E000 /* Base */ = {isa = PBXFileReference; lastKnownFileType = file.storyboard; name = Base; path = Base.lproj/Main.storyboard; sourceTree = "<group>"; };
		FEBD01C21CE171C60077E000 /* Assets.xcassets */ = {isa = PBXFileReference; lastKnownFileType = folder.assetcatalog; path = Assets.xcassets; sourceTree = "<group>"; };
		FEBD01C51CE171C60077E000 /* Base */ = {isa = PBXFileReference; lastKnownFileType = file.storyboard; name = Base; path = Base.lproj/LaunchScreen.storyboard; sourceTree = "<group>"; };
		FEBD01C71CE171C60077E000 /* Info.plist */ = {isa = PBXFileReference; lastKnownFileType = text.plist.xml; path = Info.plist; sourceTree = "<group>"; };
		FEBD01CC1CE171C70077E000 /* PitchPerfectTests.xctest */ = {isa = PBXFileReference; explicitFileType = wrapper.cfbundle; includeInIndex = 0; path = PitchPerfectTests.xctest; sourceTree = BUILT_PRODUCTS_DIR; };
		FEBD01D01CE171C70077E000 /* PitchPerfectTests.swift */ = {isa = PBXFileReference; lastKnownFileType = sourcecode.swift; path = PitchPerfectTests.swift; sourceTree = "<group>"; };
		FEBD01D21CE171C70077E000 /* Info.plist */ = {isa = PBXFileReference; lastKnownFileType = text.plist.xml; path = Info.plist; sourceTree = "<group>"; };
		FEBD01D71CE171C70077E000 /* PitchPerfectUITests.xctest */ = {isa = PBXFileReference; explicitFileType = wrapper.cfbundle; includeInIndex = 0; path = PitchPerfectUITests.xctest; sourceTree = BUILT_PRODUCTS_DIR; };
		FEBD01DB1CE171C70077E000 /* PitchPerfectUITests.swift */ = {isa = PBXFileReference; lastKnownFileType = sourcecode.swift; path = PitchPerfectUITests.swift; sourceTree = "<group>"; };
		FEBD01DD1CE171C70077E000 /* Info.plist */ = {isa = PBXFileReference; lastKnownFileType = text.plist.xml; path = Info.plist; sourceTree = "<group>"; };
/* End PBXFileReference section */

/* Begin PBXFrameworksBuildPhase section */
		FEBD01B51CE171C60077E000 /* Frameworks */ = {
			isa = PBXFrameworksBuildPhase;
			buildActionMask = 2147483647;
			files = (
			);
			runOnlyForDeploymentPostprocessing = 0;
		};
		FEBD01C91CE171C70077E000 /* Frameworks */ = {
			isa = PBXFrameworksBuildPhase;
			buildActionMask = 2147483647;
			files = (
			);
			runOnlyForDeploymentPostprocessing = 0;
		};
		FEBD01D41CE171C70077E000 /* Frameworks */ = {
			isa = PBXFrameworksBuildPhase;
			buildActionMask = 2147483647;
			files = (
			);
			runOnlyForDeploymentPostprocessing = 0;
		};
/* End PBXFrameworksBuildPhase section */

/* Begin PBXGroup section */
		FEBD01AF1CE171C60077E000 = {
			isa = PBXGroup;
			children = (
				FEBD01BA1CE171C60077E000 /* PitchPerfect */,
				FEBD01CF1CE171C70077E000 /* PitchPerfectTests */,
				FEBD01DA1CE171C70077E000 /* PitchPerfectUITests */,
				FEBD01B91CE171C60077E000 /* Products */,
			);
			sourceTree = "<group>";
		};
		FEBD01B91CE171C60077E000 /* Products */ = {
			isa = PBXGroup;
			children = (
				FEBD01B81CE171C60077E000 /* PitchPerfect.app */,
				FEBD01CC1CE171C70077E000 /* PitchPerfectTests.xctest */,
				FEBD01D71CE171C70077E000 /* PitchPerfectUITests.xctest */,
			);
			name = Products;
			sourceTree = "<group>";
		};
		FEBD01BA1CE171C60077E000 /* PitchPerfect */ = {
			isa = PBXGroup;
			children = (
				FEBD01BB1CE171C60077E000 /* AppDelegate.swift */,
				3715EC811D10E6600083D0F0 /* PlaySoundsViewController.swift */,
				3707363F1D1234DF00733681 /* PlaySoundsViewController+Audio.swift */,
				FEBD01BD1CE171C60077E000 /* RecordSoundsViewController.swift */,
				FEBD01BF1CE171C60077E000 /* Main.storyboard */,
				FEBD01C21CE171C60077E000 /* Assets.xcassets */,
				FEBD01C41CE171C60077E000 /* LaunchScreen.storyboard */,
				FEBD01C71CE171C60077E000 /* Info.plist */,
			);
			path = PitchPerfect;
			sourceTree = "<group>";
		};
		FEBD01CF1CE171C70077E000 /* PitchPerfectTests */ = {
			isa = PBXGroup;
			children = (
				FEBD01D01CE171C70077E000 /* PitchPerfectTests.swift */,
				FEBD01D21CE171C70077E000 /* Info.plist */,
			);
			path = PitchPerfectTests;
			sourceTree = "<group>";
		};
		FEBD01DA1CE171C70077E000 /* PitchPerfectUITests */ = {
			isa = PBXGroup;
			children = (
				FEBD01DB1CE171C70077E000 /* PitchPerfectUITests.swift */,
				FEBD01DD1CE171C70077E000 /* Info.plist */,
			);
			path = PitchPerfectUITests;
			sourceTree = "<group>";
		};
/* End PBXGroup section */

/* Begin PBXNativeTarget section */
		FEBD01B71CE171C60077E000 /* PitchPerfect */ = {
			isa = PBXNativeTarget;
			buildConfigurationList = FEBD01E01CE171C70077E000 /* Build configuration list for PBXNativeTarget "PitchPerfect" */;
			buildPhases = (
				FEBD01B41CE171C60077E000 /* Sources */,
				FEBD01B51CE171C60077E000 /* Frameworks */,
				FEBD01B61CE171C60077E000 /* Resources */,
			);
			buildRules = (
			);
			dependencies = (
			);
			name = PitchPerfect;
			productName = PitchPerfect;
			productReference = FEBD01B81CE171C60077E000 /* PitchPerfect.app */;
			productType = "com.apple.product-type.application";
		};
		FEBD01CB1CE171C70077E000 /* PitchPerfectTests */ = {
			isa = PBXNativeTarget;
			buildConfigurationList = FEBD01E31CE171C70077E000 /* Build configuration list for PBXNativeTarget "PitchPerfectTests" */;
			buildPhases = (
				FEBD01C81CE171C70077E000 /* Sources */,
				FEBD01C91CE171C70077E000 /* Frameworks */,
				FEBD01CA1CE171C70077E000 /* Resources */,
			);
			buildRules = (
			);
			dependencies = (
				FEBD01CE1CE171C70077E000 /* PBXTargetDependency */,
			);
			name = PitchPerfectTests;
			productName = PitchPerfectTests;
			productReference = FEBD01CC1CE171C70077E000 /* PitchPerfectTests.xctest */;
			productType = "com.apple.product-type.bundle.unit-test";
		};
		FEBD01D61CE171C70077E000 /* PitchPerfectUITests */ = {
			isa = PBXNativeTarget;
			buildConfigurationList = FEBD01E61CE171C70077E000 /* Build configuration list for PBXNativeTarget "PitchPerfectUITests" */;
			buildPhases = (
				FEBD01D31CE171C70077E000 /* Sources */,
				FEBD01D41CE171C70077E000 /* Frameworks */,
				FEBD01D51CE171C70077E000 /* Resources */,
			);
			buildRules = (
			);
			dependencies = (
				FEBD01D91CE171C70077E000 /* PBXTargetDependency */,
			);
			name = PitchPerfectUITests;
			productName = PitchPerfectUITests;
			productReference = FEBD01D71CE171C70077E000 /* PitchPerfectUITests.xctest */;
			productType = "com.apple.product-type.bundle.ui-testing";
		};
/* End PBXNativeTarget section */

/* Begin PBXProject section */
		FEBD01B01CE171C60077E000 /* Project object */ = {
			isa = PBXProject;
			attributes = {
				LastSwiftUpdateCheck = 0730;
				LastUpgradeCheck = 0730;
				ORGANIZATIONNAME = "Vivin Raj";
				TargetAttributes = {
					FEBD01B71CE171C60077E000 = {
						CreatedOnToolsVersion = 7.3.1;
					};
					FEBD01CB1CE171C70077E000 = {
						CreatedOnToolsVersion = 7.3.1;
						TestTargetID = FEBD01B71CE171C60077E000;
					};
					FEBD01D61CE171C70077E000 = {
						CreatedOnToolsVersion = 7.3.1;
						TestTargetID = FEBD01B71CE171C60077E000;
					};
				};
			};
			buildConfigurationList = FEBD01B31CE171C60077E000 /* Build configuration list for PBXProject "PitchPerfect" */;
			compatibilityVersion = "Xcode 3.2";
			developmentRegion = English;
			hasScannedForEncodings = 0;
			knownRegions = (
				en,
				Base,
			);
			mainGroup = FEBD01AF1CE171C60077E000;
			productRefGroup = FEBD01B91CE171C60077E000 /* Products */;
			projectDirPath = "";
			projectRoot = "";
			targets = (
				FEBD01B71CE171C60077E000 /* PitchPerfect */,
				FEBD01CB1CE171C70077E000 /* PitchPerfectTests */,
				FEBD01D61CE171C70077E000 /* PitchPerfectUITests */,
			);
		};
/* End PBXProject section */

/* Begin PBXResourcesBuildPhase section */
		FEBD01B61CE171C60077E000 /* Resources */ = {
			isa = PBXResourcesBuildPhase;
			buildActionMask = 2147483647;
			files = (
				FEBD01C61CE171C60077E000 /* LaunchScreen.storyboard in Resources */,
				FEBD01C31CE171C60077E000 /* Assets.xcassets in Resources */,
				FEBD01C11CE171C60077E000 /* Main.storyboard in Resources */,
			);
			runOnlyForDeploymentPostprocessing = 0;
		};
		FEBD01CA1CE171C70077E000 /* Resources */ = {
			isa = PBXResourcesBuildPhase;
			buildActionMask = 2147483647;
			files = (
			);
			runOnlyForDeploymentPostprocessing = 0;
		};
		FEBD01D51CE171C70077E000 /* Resources */ = {
			isa = PBXResourcesBuildPhase;
			buildActionMask = 2147483647;
			files = (
			);
			runOnlyForDeploymentPostprocessing = 0;
		};
/* End PBXResourcesBuildPhase section */

/* Begin PBXSourcesBuildPhase section */
		FEBD01B41CE171C60077E000 /* Sources */ = {
			isa = PBXSourcesBuildPhase;
			buildActionMask = 2147483647;
			files = (
				FEBD01BE1CE171C60077E000 /* RecordSoundsViewController.swift in Sources */,
				370736401D1234DF00733681 /* PlaySoundsViewController+Audio.swift in Sources */,
				3715EC821D10E6600083D0F0 /* PlaySoundsViewController.swift in Sources */,
				FEBD01BC1CE171C60077E000 /* AppDelegate.swift in Sources */,
			);
			runOnlyForDeploymentPostprocessing = 0;
		};
		FEBD01C81CE171C70077E000 /* Sources */ = {
			isa = PBXSourcesBuildPhase;
			buildActionMask = 2147483647;
			files = (
				FEBD01D11CE171C70077E000 /* PitchPerfectTests.swift in Sources */,
			);
			runOnlyForDeploymentPostprocessing = 0;
		};
		FEBD01D31CE171C70077E000 /* Sources */ = {
			isa = PBXSourcesBuildPhase;
			buildActionMask = 2147483647;
			files = (
				FEBD01DC1CE171C70077E000 /* PitchPerfectUITests.swift in Sources */,
			);
			runOnlyForDeploymentPostprocessing = 0;
		};
/* End PBXSourcesBuildPhase section */

/* Begin PBXTargetDependency section */
		FEBD01CE1CE171C70077E000 /* PBXTargetDependency */ = {
			isa = PBXTargetDependency;
			target = FEBD01B71CE171C60077E000 /* PitchPerfect */;
			targetProxy = FEBD01CD1CE171C70077E000 /* PBXContainerItemProxy */;
		};
		FEBD01D91CE171C70077E000 /* PBXTargetDependency */ = {
			isa = PBXTargetDependency;
			target = FEBD01B71CE171C60077E000 /* PitchPerfect */;
			targetProxy = FEBD01D81CE171C70077E000 /* PBXContainerItemProxy */;
		};
/* End PBXTargetDependency section */

/* Begin PBXVariantGroup section */
		FEBD01BF1CE171C60077E000 /* Main.storyboard */ = {
			isa = PBXVariantGroup;
			children = (
				FEBD01C01CE171C60077E000 /* Base */,
			);
			name = Main.storyboard;
			sourceTree = "<group>";
		};
		FEBD01C41CE171C60077E000 /* LaunchScreen.storyboard */ = {
			isa = PBXVariantGroup;
			children = (
				FEBD01C51CE171C60077E000 /* Base */,
			);
			name = LaunchScreen.storyboard;
			sourceTree = "<group>";
		};
/* End PBXVariantGroup section */

/* Begin XCBuildConfiguration section */
		FEBD01DE1CE171C70077E000 /* Debug */ = {
			isa = XCBuildConfiguration;
			buildSettings = {
				ALWAYS_SEARCH_USER_PATHS = NO;
				CLANG_ANALYZER_NONNULL = YES;
				CLANG_CXX_LANGUAGE_STANDARD = "gnu++0x";
				CLANG_CXX_LIBRARY = "libc++";
				CLANG_ENABLE_MODULES = YES;
				CLANG_ENABLE_OBJC_ARC = YES;
				CLANG_WARN_BOOL_CONVERSION = YES;
				CLANG_WARN_CONSTANT_CONVERSION = YES;
				CLANG_WARN_DIRECT_OBJC_ISA_USAGE = YES_ERROR;
				CLANG_WARN_EMPTY_BODY = YES;
				CLANG_WARN_ENUM_CONVERSION = YES;
				CLANG_WARN_INT_CONVERSION = YES;
				CLANG_WARN_OBJC_ROOT_CLASS = YES_ERROR;
				CLANG_WARN_UNREACHABLE_CODE = YES;
				CLANG_WARN__DUPLICATE_METHOD_MATCH = YES;
				"CODE_SIGN_IDENTITY[sdk=iphoneos*]" = "iPhone Developer";
				COPY_PHASE_STRIP = NO;
				DEBUG_INFORMATION_FORMAT = dwarf;
				ENABLE_STRICT_OBJC_MSGSEND = YES;
				ENABLE_TESTABILITY = YES;
				GCC_C_LANGUAGE_STANDARD = gnu99;
				GCC_DYNAMIC_NO_PIC = NO;
				GCC_NO_COMMON_BLOCKS = YES;
				GCC_OPTIMIZATION_LEVEL = 0;
				GCC_PREPROCESSOR_DEFINITIONS = (
					"DEBUG=1",
					"$(inherited)",
				);
				GCC_WARN_64_TO_32_BIT_CONVERSION = YES;
				GCC_WARN_ABOUT_RETURN_TYPE = YES_ERROR;
				GCC_WARN_UNDECLARED_SELECTOR = YES;
				GCC_WARN_UNINITIALIZED_AUTOS = YES_AGGRESSIVE;
				GCC_WARN_UNUSED_FUNCTION = YES;
				GCC_WARN_UNUSED_VARIABLE = YES;
				IPHONEOS_DEPLOYMENT_TARGET = 9.3;
				MTL_ENABLE_DEBUG_INFO = YES;
				ONLY_ACTIVE_ARCH = YES;
				SDKROOT = iphoneos;
				SWIFT_OPTIMIZATION_LEVEL = "-Onone";
				TARGETED_DEVICE_FAMILY = "1,2";
			};
			name = Debug;
		};
		FEBD01DF1CE171C70077E000 /* Release */ = {
			isa = XCBuildConfiguration;
			buildSettings = {
				ALWAYS_SEARCH_USER_PATHS = NO;
				CLANG_ANALYZER_NONNULL = YES;
				CLANG_CXX_LANGUAGE_STANDARD = "gnu++0x";
				CLANG_CXX_LIBRARY = "libc++";
				CLANG_ENABLE_MODULES = YES;
				CLANG_ENABLE_OBJC_ARC = YES;
				CLANG_WARN_BOOL_CONVERSION = YES;
				CLANG_WARN_CONSTANT_CONVERSION = YES;
				CLANG_WARN_DIRECT_OBJC_ISA_USAGE = YES_ERROR;
				CLANG_WARN_EMPTY_BODY = YES;
				CLANG_WARN_ENUM_CONVERSION = YES;
				CLANG_WARN_INT_CONVERSION = YES;
				CLANG_WARN_OBJC_ROOT_CLASS = YES_ERROR;
				CLANG_WARN_UNREACHABLE_CODE = YES;
				CLANG_WARN__DUPLICATE_METHOD_MATCH = YES;
				"CODE_SIGN_IDENTITY[sdk=iphoneos*]" = "iPhone Developer";
				COPY_PHASE_STRIP = NO;
				DEBUG_INFORMATION_FORMAT = "dwarf-with-dsym";
				ENABLE_NS_ASSERTIONS = NO;
				ENABLE_STRICT_OBJC_MSGSEND = YES;
				GCC_C_LANGUAGE_STANDARD = gnu99;
				GCC_NO_COMMON_BLOCKS = YES;
				GCC_WARN_64_TO_32_BIT_CONVERSION = YES;
				GCC_WARN_ABOUT_RETURN_TYPE = YES_ERROR;
				GCC_WARN_UNDECLARED_SELECTOR = YES;
				GCC_WARN_UNINITIALIZED_AUTOS = YES_AGGRESSIVE;
				GCC_WARN_UNUSED_FUNCTION = YES;
				GCC_WARN_UNUSED_VARIABLE = YES;
				IPHONEOS_DEPLOYMENT_TARGET = 9.3;
				MTL_ENABLE_DEBUG_INFO = NO;
				SDKROOT = iphoneos;
				TARGETED_DEVICE_FAMILY = "1,2";
				VALIDATE_PRODUCT = YES;
			};
			name = Release;
		};
		FEBD01E11CE171C70077E000 /* Debug */ = {
			isa = XCBuildConfiguration;
			buildSettings = {
				ASSETCATALOG_COMPILER_APPICON_NAME = AppIcon;
				INFOPLIST_FILE = PitchPerfect/Info.plist;
				LD_RUNPATH_SEARCH_PATHS = "$(inherited) @executable_path/Frameworks";
				PRODUCT_BUNDLE_IDENTIFIER = VR.PitchPerfect;
				PRODUCT_NAME = "$(TARGET_NAME)";
			};
			name = Debug;
		};
		FEBD01E21CE171C70077E000 /* Release */ = {
			isa = XCBuildConfiguration;
			buildSettings = {
				ASSETCATALOG_COMPILER_APPICON_NAME = AppIcon;
				INFOPLIST_FILE = PitchPerfect/Info.plist;
				LD_RUNPATH_SEARCH_PATHS = "$(inherited) @executable_path/Frameworks";
				PRODUCT_BUNDLE_IDENTIFIER = VR.PitchPerfect;
				PRODUCT_NAME = "$(TARGET_NAME)";
			};
			name = Release;
		};
		FEBD01E41CE171C70077E000 /* Debug */ = {
			isa = XCBuildConfiguration;
			buildSettings = {
				BUNDLE_LOADER = "$(TEST_HOST)";
				INFOPLIST_FILE = PitchPerfectTests/Info.plist;
				LD_RUNPATH_SEARCH_PATHS = "$(inherited) @executable_path/Frameworks @loader_path/Frameworks";
				PRODUCT_BUNDLE_IDENTIFIER = VR.PitchPerfectTests;
				PRODUCT_NAME = "$(TARGET_NAME)";
				TEST_HOST = "$(BUILT_PRODUCTS_DIR)/PitchPerfect.app/PitchPerfect";
			};
			name = Debug;
		};
		FEBD01E51CE171C70077E000 /* Release */ = {
			isa = XCBuildConfiguration;
			buildSettings = {
				BUNDLE_LOADER = "$(TEST_HOST)";
				INFOPLIST_FILE = PitchPerfectTests/Info.plist;
				LD_RUNPATH_SEARCH_PATHS = "$(inherited) @executable_path/Frameworks @loader_path/Frameworks";
				PRODUCT_BUNDLE_IDENTIFIER = VR.PitchPerfectTests;
				PRODUCT_NAME = "$(TARGET_NAME)";
				TEST_HOST = "$(BUILT_PRODUCTS_DIR)/PitchPerfect.app/PitchPerfect";
			};
			name = Release;
		};
		FEBD01E71CE171C70077E000 /* Debug */ = {
			isa = XCBuildConfiguration;
			buildSettings = {
				INFOPLIST_FILE = PitchPerfectUITests/Info.plist;
				LD_RUNPATH_SEARCH_PATHS = "$(inherited) @executable_path/Frameworks @loader_path/Frameworks";
				PRODUCT_BUNDLE_IDENTIFIER = VR.PitchPerfectUITests;
				PRODUCT_NAME = "$(TARGET_NAME)";
				TEST_TARGET_NAME = PitchPerfect;
			};
			name = Debug;
		};
		FEBD01E81CE171C70077E000 /* Release */ = {
			isa = XCBuildConfiguration;
			buildSettings = {
				INFOPLIST_FILE = PitchPerfectUITests/Info.plist;
				LD_RUNPATH_SEARCH_PATHS = "$(inherited) @executable_path/Frameworks @loader_path/Frameworks";
				PRODUCT_BUNDLE_IDENTIFIER = VR.PitchPerfectUITests;
				PRODUCT_NAME = "$(TARGET_NAME)";
				TEST_TARGET_NAME = PitchPerfect;
			};
			name = Release;
		};
/* End XCBuildConfiguration section */

/* Begin XCConfigurationList section */
		FEBD01B31CE171C60077E000 /* Build configuration list for PBXProject "PitchPerfect" */ = {
			isa = XCConfigurationList;
			buildConfigurations = (
				FEBD01DE1CE171C70077E000 /* Debug */,
				FEBD01DF1CE171C70077E000 /* Release */,
			);
			defaultConfigurationIsVisible = 0;
			defaultConfigurationName = Release;
		};
		FEBD01E01CE171C70077E000 /* Build configuration list for PBXNativeTarget "PitchPerfect" */ = {
			isa = XCConfigurationList;
			buildConfigurations = (
				FEBD01E11CE171C70077E000 /* Debug */,
				FEBD01E21CE171C70077E000 /* Release */,
			);
			defaultConfigurationIsVisible = 0;
			defaultConfigurationName = Release;
		};
		FEBD01E31CE171C70077E000 /* Build configuration list for PBXNativeTarget "PitchPerfectTests" */ = {
			isa = XCConfigurationList;
			buildConfigurations = (
				FEBD01E41CE171C70077E000 /* Debug */,
				FEBD01E51CE171C70077E000 /* Release */,
			);
			defaultConfigurationIsVisible = 0;
			defaultConfigurationName = Release;
		};
		FEBD01E61CE171C70077E000 /* Build configuration list for PBXNativeTarget "PitchPerfectUITests" */ = {
			isa = XCConfigurationList;
			buildConfigurations = (
				FEBD01E71CE171C70077E000 /* Debug */,
				FEBD01E81CE171C70077E000 /* Release */,
			);
			defaultConfigurationIsVisible = 0;
			defaultConfigurationName = Release;
		};
/* End XCConfigurationList section */
	};
	rootObject = FEBD01B01CE171C60077E000 /* Project object */;
}
